
Microsoft Visual Studio Solution File, Format Version 12.00
# Visual Studio Version 17
VisualStudioVersion = 17.13.35931.197
MinimumVisualStudioVersion = 10.0.40219.1
Project("{FAE04EC0-301F-11D3-BF4B-00C04F79EFBC}") = "BlogApp", "BlogApp\BlogApp.csproj", "{3E580FD2-7D3B-4240-8815-71EE28041CAA}"
EndProject
Project("{FAE04EC0-301F-11D3-BF4B-00C04F79EFBC}") = "API", "API\API.csproj", "{AC851283-2B54-465D-A2AF-D5C0DCBA25DB}"
EndProject
Global
	GlobalSection(SolutionConfigurationPlatforms) = preSolution
		Debug|Any CPU = Debug|Any CPU
		Release|Any CPU = Release|Any CPU
	EndGlobalSection
	GlobalSection(ProjectConfigurationPlatforms) = postSolution
		{3E580FD2-7D3B-4240-8815-71EE28041CAA}.Debug|Any CPU.ActiveCfg = Debug|Any CPU
		{3E580FD2-7D3B-4240-8815-71EE28041CAA}.Debug|Any CPU.Build.0 = Debug|Any CPU
		{3E580FD2-7D3B-4240-8815-71EE28041CAA}.Release|Any CPU.ActiveCfg = Release|Any CPU
		{3E580FD2-7D3B-4240-8815-71EE28041CAA}.Release|Any CPU.Build.0 = Release|Any CPU
		{AC851283-2B54-465D-A2AF-D5C0DCBA25DB}.Debug|Any CPU.ActiveCfg = Debug|Any CPU
		{AC851283-2B54-465D-A2AF-D5C0DCBA25DB}.Debug|Any CPU.Build.0 = Debug|Any CPU
		{AC851283-2B54-465D-A2AF-D5C0DCBA25DB}.Release|Any CPU.ActiveCfg = Release|Any CPU
		{AC851283-2B54-465D-A2AF-D5C0DCBA25DB}.Release|Any CPU.Build.0 = Release|Any CPU
	EndGlobalSection
	GlobalSection(SolutionProperties) = preSolution
		HideSolutionNode = FALSE
	EndGlobalSection
	GlobalSection(ExtensibilityGlobals) = postSolution
		SolutionGuid = {7D783621-B843-4975-81EE-5EF3C7E3A563}
	EndGlobalSection
EndGlobal
